
Microsoft Visual Studio Solution File, Format Version 12.00
# Visual Studio Version 17
VisualStudioVersion = 17.2.32519.379
MinimumVisualStudioVersion = 10.0.40219.1
Project("{8BC9CEB8-8B4A-11D0-8D11-00A0C91BC942}") = "Data-Structures-Linked-List", "Data-Structures-Linked-List\Data-Structures-Linked-List.vcxproj", "{FA9EA264-4F2D-4B13-BFCB-C7C3730E9E0A}"
EndProject
Global
	GlobalSection(SolutionConfigurationPlatforms) = preSolution
		Debug|x64 = Debug|x64
		Debug|x86 = Debug|x86
		Release|x64 = Release|x64
		Release|x86 = Release|x86
	EndGlobalSection
	GlobalSection(ProjectConfigurationPlatforms) = postSolution
		{FA9EA264-4F2D-4B13-BFCB-C7C3730E9E0A}.Debug|x64.ActiveCfg = Debug|x64
		{FA9EA264-4F2D-4B13-BFCB-C7C3730E9E0A}.Debug|x64.Build.0 = Debug|x64
		{FA9EA264-4F2D-4B13-BFCB-C7C3730E9E0A}.Debug|x86.ActiveCfg = Debug|Win32
		{FA9EA264-4F2D-4B13-BFCB-C7C3730E9E0A}.Debug|x86.Build.0 = Debug|Win32
		{FA9EA264-4F2D-4B13-BFCB-C7C3730E9E0A}.Release|x64.ActiveCfg = Release|x64
		{FA9EA264-4F2D-4B13-BFCB-C7C3730E9E0A}.Release|x64.Build.0 = Release|x64
		{FA9EA264-4F2D-4B13-BFCB-C7C3730E9E0A}.Release|x86.ActiveCfg = Release|Win32
		{FA9EA264-4F2D-4B13-BFCB-C7C3730E9E0A}.Release|x86.Build.0 = Release|Win32
	EndGlobalSection
	GlobalSection(SolutionProperties) = preSolution
		HideSolutionNode = FALSE
	EndGlobalSection
	GlobalSection(ExtensibilityGlobals) = postSolution
		SolutionGuid = {37578700-1C6F-469F-A8C0-DE34E8457E82}
	EndGlobalSection
EndGlobal
